
Microsoft Visual Studio Solution File, Format Version 12.00
# Visual Studio Version 17
VisualStudioVersion = 17.14.36429.23
MinimumVisualStudioVersion = 10.0.40219.1
Project("{FAE04EC0-301F-11D3-BF4B-00C04F79EFBC}") = "AlirezaEShop", "AlirezaEShop\AlirezaEShop.csproj", "{1189232D-AD80-4D3A-90D8-768980766B7D}"
EndProject
Global
	GlobalSection(SolutionConfigurationPlatforms) = preSolution
		Debug|Any CPU = Debug|Any CPU
		Release|Any CPU = Release|Any CPU
	EndGlobalSection
	GlobalSection(ProjectConfigurationPlatforms) = postSolution
		{1189232D-AD80-4D3A-90D8-768980766B7D}.Debug|Any CPU.ActiveCfg = Debug|Any CPU
		{1189232D-AD80-4D3A-90D8-768980766B7D}.Debug|Any CPU.Build.0 = Debug|Any CPU
		{1189232D-AD80-4D3A-90D8-768980766B7D}.Release|Any CPU.ActiveCfg = Release|Any CPU
		{1189232D-AD80-4D3A-90D8-768980766B7D}.Release|Any CPU.Build.0 = Release|Any CPU
	EndGlobalSection
	GlobalSection(SolutionProperties) = preSolution
		HideSolutionNode = FALSE
	EndGlobalSection
	GlobalSection(ExtensibilityGlobals) = postSolution
		SolutionGuid = {9516EEF5-E762-4057-ADDD-4256BC0D4795}
	EndGlobalSection
EndGlobal
